
Microsoft Visual Studio Solution File, Format Version 12.00
# Visual Studio Version 17
VisualStudioVersion = 17.7.34202.233
MinimumVisualStudioVersion = 10.0.40219.1
Project("{FAE04EC0-301F-11D3-BF4B-00C04F79EFBC}") = "ProductsManagement", "ProductsManagement\ProductsManagement.csproj", "{20C88D37-04CF-4B49-9036-066A0E0B1C48}"
EndProject
Global
	GlobalSection(SolutionConfigurationPlatforms) = preSolution
		Debug|Any CPU = Debug|Any CPU
		Release|Any CPU = Release|Any CPU
	EndGlobalSection
	GlobalSection(ProjectConfigurationPlatforms) = postSolution
		{20C88D37-04CF-4B49-9036-066A0E0B1C48}.Debug|Any CPU.ActiveCfg = Debug|Any CPU
		{20C88D37-04CF-4B49-9036-066A0E0B1C48}.Debug|Any CPU.Build.0 = Debug|Any CPU
		{20C88D37-04CF-4B49-9036-066A0E0B1C48}.Release|Any CPU.ActiveCfg = Release|Any CPU
		{20C88D37-04CF-4B49-9036-066A0E0B1C48}.Release|Any CPU.Build.0 = Release|Any CPU
	EndGlobalSection
	GlobalSection(SolutionProperties) = preSolution
		HideSolutionNode = FALSE
	EndGlobalSection
	GlobalSection(ExtensibilityGlobals) = postSolution
		SolutionGuid = {88667BC1-9444-46F4-AB2D-0039E690AB46}
	EndGlobalSection
EndGlobal
